
Microsoft Visual Studio Solution File, Format Version 12.00
# Visual Studio Version 17
VisualStudioVersion = 17.7.34031.279
MinimumVisualStudioVersion = 10.0.40219.1
Project("{FAE04EC0-301F-11D3-BF4B-00C04F79EFBC}") = "FunnyArrays", "FunnyArrays\FunnyArrays.csproj", "{A2F026E3-1D09-40B9-A115-9B595653BA29}"
EndProject
Global
	GlobalSection(SolutionConfigurationPlatforms) = preSolution
		Debug|Any CPU = Debug|Any CPU
		Release|Any CPU = Release|Any CPU
	EndGlobalSection
	GlobalSection(ProjectConfigurationPlatforms) = postSolution
		{A2F026E3-1D09-40B9-A115-9B595653BA29}.Debug|Any CPU.ActiveCfg = Debug|Any CPU
		{A2F026E3-1D09-40B9-A115-9B595653BA29}.Debug|Any CPU.Build.0 = Debug|Any CPU
		{A2F026E3-1D09-40B9-A115-9B595653BA29}.Release|Any CPU.ActiveCfg = Release|Any CPU
		{A2F026E3-1D09-40B9-A115-9B595653BA29}.Release|Any CPU.Build.0 = Release|Any CPU
	EndGlobalSection
	GlobalSection(SolutionProperties) = preSolution
		HideSolutionNode = FALSE
	EndGlobalSection
	GlobalSection(ExtensibilityGlobals) = postSolution
		SolutionGuid = {CB5746FA-DC7F-4E47-BAC2-02F455E79D1B}
	EndGlobalSection
EndGlobal
